
Microsoft Visual Studio Solution File, Format Version 12.00
# Visual Studio Version 16
VisualStudioVersion = 16.0.29613.14
MinimumVisualStudioVersion = 10.0.40219.1
Project("{FAE04EC0-301F-11D3-BF4B-00C04F79EFBC}") = "Entrevista2", "Entrevista2\Entrevista2.csproj", "{8D867191-7FAC-4AF5-B166-4D9B1A13B4DB}"
EndProject
Project("{FAE04EC0-301F-11D3-BF4B-00C04F79EFBC}") = "Data", "Data\Data.csproj", "{736E0829-980E-4847-B70E-55CB946848BE}"
EndProject
Global
	GlobalSection(SolutionConfigurationPlatforms) = preSolution
		Debug|Any CPU = Debug|Any CPU
		Release|Any CPU = Release|Any CPU
	EndGlobalSection
	GlobalSection(ProjectConfigurationPlatforms) = postSolution
		{8D867191-7FAC-4AF5-B166-4D9B1A13B4DB}.Debug|Any CPU.ActiveCfg = Debug|Any CPU
		{8D867191-7FAC-4AF5-B166-4D9B1A13B4DB}.Debug|Any CPU.Build.0 = Debug|Any CPU
		{8D867191-7FAC-4AF5-B166-4D9B1A13B4DB}.Release|Any CPU.ActiveCfg = Release|Any CPU
		{8D867191-7FAC-4AF5-B166-4D9B1A13B4DB}.Release|Any CPU.Build.0 = Release|Any CPU
		{736E0829-980E-4847-B70E-55CB946848BE}.Debug|Any CPU.ActiveCfg = Debug|Any CPU
		{736E0829-980E-4847-B70E-55CB946848BE}.Debug|Any CPU.Build.0 = Debug|Any CPU
		{736E0829-980E-4847-B70E-55CB946848BE}.Release|Any CPU.ActiveCfg = Release|Any CPU
		{736E0829-980E-4847-B70E-55CB946848BE}.Release|Any CPU.Build.0 = Release|Any CPU
	EndGlobalSection
	GlobalSection(SolutionProperties) = preSolution
		HideSolutionNode = FALSE
	EndGlobalSection
	GlobalSection(ExtensibilityGlobals) = postSolution
		SolutionGuid = {F023A0EC-EA65-4A18-8F28-863488853D1A}
	EndGlobalSection
EndGlobal
